PODS:
  - faketooth (0.0.2):
    - Flutter
  - Flutter (1.0.0)

DEPENDENCIES:
  - faketooth (from `.symlinks/plugins/faketooth/ios`)
  - Flutter (from `Flutter`)

EXTERNAL SOURCES:
  faketooth:
    :path: ".symlinks/plugins/faketooth/ios"
  Flutter:
    :path: Flutter

SPEC CHECKSUMS:
  faketooth: d2b79d3ca464e6199097610ac438500354ce3bd2
  Flutter: 0e3d915762c693b495b44d77113d4970485de6ec

PODFILE CHECKSUM: c34e2287a9ccaa606aeceab922830efb9a6ff69a

COCOAPODS: 1.9.1
