PODS:
  - faketooth (0.1.1):
    - Flutter
  - Flutter (1.0.0)

DEPENDENCIES:
  - faketooth (from `.symlinks/plugins/faketooth/ios`)
  - Flutter (from `Flutter`)

EXTERNAL SOURCES:
  faketooth:
    :path: ".symlinks/plugins/faketooth/ios"
  Flutter:
    :path: Flutter

SPEC CHECKSUMS:
  faketooth: 54007ba453dc2bd1c8e485762489f4b29c09af4d
  Flutter: 50d75fe2f02b26cc09d224853bb45737f8b3214a

PODFILE CHECKSUM: aafe91acc616949ddb318b77800a7f51bffa2a4c

COCOAPODS: 1.10.0
